
Microsoft Visual Studio Solution File, Format Version 12.00
# Visual Studio 15
VisualStudioVersion = 15.0.28010.2036
MinimumVisualStudioVersion = 10.0.40219.1
Project("{9A19103F-16F7-4668-BE54-9A1E7A4F7556}") = "Infuse.Attempt0", "src\Infuse.Attempt0\Infuse.Attempt0.csproj", "{875A4E53-9793-47CE-A824-D56383E4CF04}"
EndProject
Project("{2150E333-8FDC-42A3-9474-1A3956D46DE8}") = "src", "src", "{E67B9CD8-88AC-488F-9199-E57E67FD2F05}"
EndProject
Project("{2150E333-8FDC-42A3-9474-1A3956D46DE8}") = "test", "test", "{4F497222-92E0-44A6-93C3-6B09D4C1E65D}"
EndProject
Project("{9A19103F-16F7-4668-BE54-9A1E7A4F7556}") = "Infuse.Test", "test\Infuse.Test\Infuse.Test.csproj", "{CF754588-0169-4190-88F1-B48863AE07F3}"
EndProject
Project("{9A19103F-16F7-4668-BE54-9A1E7A4F7556}") = "Infuse", "src\Infuse\Infuse.csproj", "{BECD8B26-D184-4B5E-A6AA-F9D912925C27}"
EndProject
Project("{FAE04EC0-301F-11D3-BF4B-00C04F79EFBC}") = "MvcMovieSampleApp", "test\MvcMovieSampleApp\MvcMovieSampleApp.csproj", "{C73F286B-F0E0-4D0B-80DF-AEA426E2C4F7}"
EndProject
Global
	GlobalSection(SolutionConfigurationPlatforms) = preSolution
		Debug|Any CPU = Debug|Any CPU
		Release|Any CPU = Release|Any CPU
	EndGlobalSection
	GlobalSection(ProjectConfigurationPlatforms) = postSolution
		{875A4E53-9793-47CE-A824-D56383E4CF04}.Debug|Any CPU.ActiveCfg = Debug|Any CPU
		{875A4E53-9793-47CE-A824-D56383E4CF04}.Debug|Any CPU.Build.0 = Debug|Any CPU
		{875A4E53-9793-47CE-A824-D56383E4CF04}.Release|Any CPU.ActiveCfg = Release|Any CPU
		{875A4E53-9793-47CE-A824-D56383E4CF04}.Release|Any CPU.Build.0 = Release|Any CPU
		{CF754588-0169-4190-88F1-B48863AE07F3}.Debug|Any CPU.ActiveCfg = Debug|Any CPU
		{CF754588-0169-4190-88F1-B48863AE07F3}.Debug|Any CPU.Build.0 = Debug|Any CPU
		{CF754588-0169-4190-88F1-B48863AE07F3}.Release|Any CPU.ActiveCfg = Release|Any CPU
		{CF754588-0169-4190-88F1-B48863AE07F3}.Release|Any CPU.Build.0 = Release|Any CPU
		{BECD8B26-D184-4B5E-A6AA-F9D912925C27}.Debug|Any CPU.ActiveCfg = Debug|Any CPU
		{BECD8B26-D184-4B5E-A6AA-F9D912925C27}.Debug|Any CPU.Build.0 = Debug|Any CPU
		{BECD8B26-D184-4B5E-A6AA-F9D912925C27}.Release|Any CPU.ActiveCfg = Release|Any CPU
		{BECD8B26-D184-4B5E-A6AA-F9D912925C27}.Release|Any CPU.Build.0 = Release|Any CPU
		{C73F286B-F0E0-4D0B-80DF-AEA426E2C4F7}.Debug|Any CPU.ActiveCfg = Debug|Any CPU
		{C73F286B-F0E0-4D0B-80DF-AEA426E2C4F7}.Debug|Any CPU.Build.0 = Debug|Any CPU
		{C73F286B-F0E0-4D0B-80DF-AEA426E2C4F7}.Release|Any CPU.ActiveCfg = Release|Any CPU
		{C73F286B-F0E0-4D0B-80DF-AEA426E2C4F7}.Release|Any CPU.Build.0 = Release|Any CPU
	EndGlobalSection
	GlobalSection(SolutionProperties) = preSolution
		HideSolutionNode = FALSE
	EndGlobalSection
	GlobalSection(NestedProjects) = preSolution
		{875A4E53-9793-47CE-A824-D56383E4CF04} = {E67B9CD8-88AC-488F-9199-E57E67FD2F05}
		{CF754588-0169-4190-88F1-B48863AE07F3} = {4F497222-92E0-44A6-93C3-6B09D4C1E65D}
		{BECD8B26-D184-4B5E-A6AA-F9D912925C27} = {E67B9CD8-88AC-488F-9199-E57E67FD2F05}
		{C73F286B-F0E0-4D0B-80DF-AEA426E2C4F7} = {4F497222-92E0-44A6-93C3-6B09D4C1E65D}
	EndGlobalSection
	GlobalSection(ExtensibilityGlobals) = postSolution
		SolutionGuid = {7CD58097-561C-4AE3-BEAF-A77FAF8BB6A2}
	EndGlobalSection
EndGlobal
